<?xml version="1.0" encoding="utf-8"?>
<Project ToolsVersion="4.0" xmlns="http://schemas.microsoft.com/developer/msbuild/2003">
  <ItemGroup>
    <Filter Include="Source Files">
      <UniqueIdentifier>{4FC737F1-C7A5-4376-A066-2A32D752A2FF}</UniqueIdentifier>
      <Extensions>cpp;c;cc;cxx;def;odl;idl;hpj;bat;asm;asmx</Extensions>
    </Filter>
    <Filter Include="Header Files">
      <UniqueIdentifier>{93995380-89BD-4b04-88EB-625FBE52EBFB}</UniqueIdentifier>
      <Extensions>h;hpp;hxx;hm;inl;inc;xsd</Extensions>
    </Filter>
    <Filter Include="Resource Files">
      <UniqueIdentifier>{67DA6AB6-F800-4c08-8B7A-83BB121AAD01}</UniqueIdentifier>
      <Extensions>rc;ico;cur;bmp;dlg;rc2;rct;bin;rgs;gif;jpg;jpeg;jpe;resx;tiff;tif;png;wav;mfcribbon-ms</Extensions>
    </Filter>
    <Filter Include="Header Files\BouncingBalls">
      <UniqueIdentifier>{69c686d5-68bb-4a1a-9e6e-50dcb3faeeb0}</UniqueIdentifier>
    </Filter>
    <Filter Include="Source Files\BouncingBalls">
      <UniqueIdentifier>{46bd30ba-7cc4-4e43-af9a-93e15c7bd59b}</UniqueIdentifier>
    </Filter>
    <Filter Include="Header Files\Misc">
      <UniqueIdentifier>{fdaf80b9-d17e-4eec-aa13-a46db449af4d}</UniqueIdentifier>
    </Filter>
    <Filter Include="Source Files\Misc">
      <UniqueIdentifier>{95e52fb2-89fd-4711-b3a6-0ef4edcb8fe6}</UniqueIdentifier>
    </Filter>
  </ItemGroup>
  <ItemGroup>
    <ClCompile Include="main.cpp">
      <Filter>Source Files</Filter>
    </ClCompile>
    <ClCompile Include="OpenScreen.cpp">
      <Filter>Source Files</Filter>
    </ClCompile>
    <ClCompile Include="BouncingBallsSphere.cpp">
      <Filter>Source Files\BouncingBalls</Filter>
    </ClCompile>
    <ClCompile Include="BouncingBalls.cpp">
      <Filter>Source Files\BouncingBalls</Filter>
    </ClCompile>
    <ClCompile Include="BouncingBallsEnvironment.cpp">
      <Filter>Source Files\BouncingBalls</Filter>
    </ClCompile>
    <ClCompile Include="BouncingBallsSetUp.cpp">
      <Filter>Source Files\BouncingBalls</Filter>
    </ClCompile>
    <ClCompile Include="Error.cpp">
      <Filter>Source Files\Misc</Filter>
    </ClCompile>
    <ClCompile Include="GLUTText.cpp">
      <Filter>Source Files\Misc</Filter>
    </ClCompile>
    <ClCompile Include="Environment.cpp">
      <Filter>Source Files</Filter>
    </ClCompile>
  </ItemGroup>
  <ItemGroup>
    <ClInclude Include="OpenScreen.h">
      <Filter>Header Files</Filter>
    </ClInclude>
    <ClInclude Include="Screen.h">
      <Filter>Header Files</Filter>
    </ClInclude>
    <ClInclude Include="Environment.h">
      <Filter>Header Files</Filter>
    </ClInclude>
    <ClInclude Include="BouncingBalls.h">
      <Filter>Header Files\BouncingBalls</Filter>
    </ClInclude>
    <ClInclude Include="BouncingBallsSetUp.h">
      <Filter>Header Files\BouncingBalls</Filter>
    </ClInclude>
    <ClInclude Include="BouncingBallsEnvironment.h">
      <Filter>Header Files\BouncingBalls</Filter>
    </ClInclude>
    <ClInclude Include="BouncingBallSphere.h">
      <Filter>Header Files\BouncingBalls</Filter>
    </ClInclude>
    <ClInclude Include="GLUTText.h">
      <Filter>Header Files\Misc</Filter>
    </ClInclude>
    <ClInclude Include="Error.h">
      <Filter>Header Files\Misc</Filter>
    </ClInclude>
  </ItemGroup>
</Project>